
Microsoft Visual Studio Solution File, Format Version 12.00
# Visual Studio Version 17
VisualStudioVersion = 17.14.36414.22 d17.14
MinimumVisualStudioVersion = 10.0.40219.1
Project("{FAE04EC0-301F-11D3-BF4B-00C04F79EFBC}") = "GeminiCLIAutoCommander", "GeminiCLIAutoCommander.csproj", "{99133EEF-BA3D-47F8-A89D-70E0812C3CBC}"
EndProject
Global
	GlobalSection(SolutionConfigurationPlatforms) = preSolution
		Debug|Any CPU = Debug|Any CPU
		Release|Any CPU = Release|Any CPU
	EndGlobalSection
	GlobalSection(ProjectConfigurationPlatforms) = postSolution
		{99133EEF-BA3D-47F8-A89D-70E0812C3CBC}.Debug|Any CPU.ActiveCfg = Debug|Any CPU
		{99133EEF-BA3D-47F8-A89D-70E0812C3CBC}.Debug|Any CPU.Build.0 = Debug|Any CPU
		{99133EEF-BA3D-47F8-A89D-70E0812C3CBC}.Release|Any CPU.ActiveCfg = Release|Any CPU
		{99133EEF-BA3D-47F8-A89D-70E0812C3CBC}.Release|Any CPU.Build.0 = Release|Any CPU
	EndGlobalSection
	GlobalSection(SolutionProperties) = preSolution
		HideSolutionNode = FALSE
	EndGlobalSection
	GlobalSection(ExtensibilityGlobals) = postSolution
		SolutionGuid = {D54BE1BF-7B17-4A0D-8132-7C8CF503193F}
	EndGlobalSection
EndGlobal
